
Microsoft Visual Studio Solution File, Format Version 12.00
# Visual Studio 15
VisualStudioVersion = 15.0.28307.572
MinimumVisualStudioVersion = 10.0.40219.1
Project("{FAE04EC0-301F-11D3-BF4B-00C04F79EFBC}") = "ConsoleApp1", "ConsoleApp1\ConsoleApp1.csproj", "{DF2D78A2-5FAB-4AAB-8F3C-C09D71A984C6}"
EndProject
Global
	GlobalSection(SolutionConfigurationPlatforms) = preSolution
		Debug|Any CPU = Debug|Any CPU
		Release|Any CPU = Release|Any CPU
	EndGlobalSection
	GlobalSection(ProjectConfigurationPlatforms) = postSolution
		{DF2D78A2-5FAB-4AAB-8F3C-C09D71A984C6}.Debug|Any CPU.ActiveCfg = Debug|Any CPU
		{DF2D78A2-5FAB-4AAB-8F3C-C09D71A984C6}.Debug|Any CPU.Build.0 = Debug|Any CPU
		{DF2D78A2-5FAB-4AAB-8F3C-C09D71A984C6}.Release|Any CPU.ActiveCfg = Release|Any CPU
		{DF2D78A2-5FAB-4AAB-8F3C-C09D71A984C6}.Release|Any CPU.Build.0 = Release|Any CPU
	EndGlobalSection
	GlobalSection(SolutionProperties) = preSolution
		HideSolutionNode = FALSE
	EndGlobalSection
	GlobalSection(ExtensibilityGlobals) = postSolution
		SolutionGuid = {BC52B602-F4BD-4D91-A3D2-8B9F044E10DD}
	EndGlobalSection
EndGlobal
